// !$*UTF8*$!
{
	archiveVersion = 1;
	classes = {
	};
	objectVersion = 46;
	objects = {

/* Begin PBXBuildFile section */
		0CDEC50F29FE4BB0B0C025DF /* libPods.a in Frameworks */ = {isa = PBXBuildFile; fileRef = 91A3FA80CE734F4C9A3710EA /* libPods.a */; };
		2D0DE21A17F57AC100E3A1CE /* ACTStoryboard.storyboard in Resources */ = {isa = PBXBuildFile; fileRef = 2D0DE21917F57AC100E3A1CE /* ACTStoryboard.storyboard */; };
		2D0DE21E17F57D2100E3A1CE /* RequestListVC.m in Sources */ = {isa = PBXBuildFile; fileRef = 2D0DE21D17F57D2100E3A1CE /* RequestListVC.m */; };
		2D0DE22117F57D2E00E3A1CE /* ParamListVC.m in Sources */ = {isa = PBXBuildFile; fileRef = 2D0DE22017F57D2E00E3A1CE /* ParamListVC.m */; };
		2D0DE22417F57D3900E3A1CE /* SettingVC.m in Sources */ = {isa = PBXBuildFile; fileRef = 2D0DE22317F57D3900E3A1CE /* SettingVC.m */; };
		2D36CEAF17F3D814002E3393 /* ThirdVC.m in Sources */ = {isa = PBXBuildFile; fileRef = 2D36CEAE17F3D814002E3393 /* ThirdVC.m */; };
		2D36CEB217F3D827002E3393 /* FourthVC.m in Sources */ = {isa = PBXBuildFile; fileRef = 2D36CEB117F3D827002E3393 /* FourthVC.m */; };
		2D5067A117F17BF9000D4BAE /* UIKit.framework in Frameworks */ = {isa = PBXBuildFile; fileRef = 2D5067A017F17BF9000D4BAE /* UIKit.framework */; };
		2D5067A317F17BF9000D4BAE /* Foundation.framework in Frameworks */ = {isa = PBXBuildFile; fileRef = 2D5067A217F17BF9000D4BAE /* Foundation.framework */; };
		2D5067A517F17BF9000D4BAE /* CoreGraphics.framework in Frameworks */ = {isa = PBXBuildFile; fileRef = 2D5067A417F17BF9000D4BAE /* CoreGraphics.framework */; };
		2D5067AB17F17BF9000D4BAE /* InfoPlist.strings in Resources */ = {isa = PBXBuildFile; fileRef = 2D5067A917F17BF9000D4BAE /* InfoPlist.strings */; };
		2D5067AD17F17BF9000D4BAE /* main.m in Sources */ = {isa = PBXBuildFile; fileRef = 2D5067AC17F17BF9000D4BAE /* main.m */; };
		2D5067B117F17BF9000D4BAE /* AppDelegate.m in Sources */ = {isa = PBXBuildFile; fileRef = 2D5067B017F17BF9000D4BAE /* AppDelegate.m */; };
		2D5067B317F17BF9000D4BAE /* Default.png in Resources */ = {isa = PBXBuildFile; fileRef = 2D5067B217F17BF9000D4BAE /* Default.png */; };
		2D5067B517F17BF9000D4BAE /* Default@2x.png in Resources */ = {isa = PBXBuildFile; fileRef = 2D5067B417F17BF9000D4BAE /* Default@2x.png */; };
		2D5067B717F17BF9000D4BAE /* Default-568h@2x.png in Resources */ = {isa = PBXBuildFile; fileRef = 2D5067B617F17BF9000D4BAE /* Default-568h@2x.png */; };
		2D5067BA17F17BF9000D4BAE /* MainStoryboard.storyboard in Resources */ = {isa = PBXBuildFile; fileRef = 2D5067B817F17BF9000D4BAE /* MainStoryboard.storyboard */; };
		2D5114101804F7C8002E96C4 /* README in Resources */ = {isa = PBXBuildFile; fileRef = 2D51140F1804F7C8002E96C4 /* README */; };
		2D717CD717F7D4D100F651F4 /* ACTDetailVC.m in Sources */ = {isa = PBXBuildFile; fileRef = 2D717CD617F7D4D100F651F4 /* ACTDetailVC.m */; };
		2DCFBC8B180BCE8A00CF3F9B /* DVTools.m in Sources */ = {isa = PBXBuildFile; fileRef = 2DCFBC8A180BCE8A00CF3F9B /* DVTools.m */; };
		2DCFBC8F180BF0D200CF3F9B /* NSDictionary+safe.m in Sources */ = {isa = PBXBuildFile; fileRef = 2DCFBC8E180BF0D200CF3F9B /* NSDictionary+safe.m */; settings = {COMPILER_FLAGS = "-fno-objc-arc"; }; };
		2DEA72DD1803E85000D25A47 /* DataCenter.m in Sources */ = {isa = PBXBuildFile; fileRef = 2DEA72DC1803E85000D25A47 /* DataCenter.m */; };
		2DEA72EA1804254700D25A47 /* NetResponseVC.m in Sources */ = {isa = PBXBuildFile; fileRef = 2DEA72E91804254700D25A47 /* NetResponseVC.m */; };
		FE13D4581829CCDD00EEE94E /* DVNetwork.m in Sources */ = {isa = PBXBuildFile; fileRef = FE13D4571829CCDD00EEE94E /* DVNetwork.m */; };
		FE13D45C1829CCE800EEE94E /* TKAlertCenter.m in Sources */ = {isa = PBXBuildFile; fileRef = FE13D45B1829CCE800EEE94E /* TKAlertCenter.m */; };
/* End PBXBuildFile section */

/* Begin PBXFileReference section */
		2891F4A6318C4EF29B146A23 /* Pods.xcconfig */ = {isa = PBXFileReference; includeInIndex = 1; lastKnownFileType = text.xcconfig; name = Pods.xcconfig; path = Pods/Pods.xcconfig; sourceTree = "<group>"; };
		2D0DE21917F57AC100E3A1CE /* ACTStoryboard.storyboard */ = {isa = PBXFileReference; fileEncoding = 4; lastKnownFileType = file.storyboard; path = ACTStoryboard.storyboard; sourceTree = "<group>"; };
		2D0DE21C17F57D2100E3A1CE /* RequestListVC.h */ = {isa = PBXFileReference; fileEncoding = 4; lastKnownFileType = sourcecode.c.h; path = RequestListVC.h; sourceTree = "<group>"; };
		2D0DE21D17F57D2100E3A1CE /* RequestListVC.m */ = {isa = PBXFileReference; fileEncoding = 4; lastKnownFileType = sourcecode.c.objc; path = RequestListVC.m; sourceTree = "<group>"; };
		2D0DE21F17F57D2E00E3A1CE /* ParamListVC.h */ = {isa = PBXFileReference; fileEncoding = 4; lastKnownFileType = sourcecode.c.h; path = ParamListVC.h; sourceTree = "<group>"; };
		2D0DE22017F57D2E00E3A1CE /* ParamListVC.m */ = {isa = PBXFileReference; fileEncoding = 4; lastKnownFileType = sourcecode.c.objc; path = ParamListVC.m; sourceTree = "<group>"; };
		2D0DE22217F57D3900E3A1CE /* SettingVC.h */ = {isa = PBXFileReference; fileEncoding = 4; lastKnownFileType = sourcecode.c.h; path = SettingVC.h; sourceTree = "<group>"; };
		2D0DE22317F57D3900E3A1CE /* SettingVC.m */ = {isa = PBXFileReference; fileEncoding = 4; lastKnownFileType = sourcecode.c.objc; path = SettingVC.m; sourceTree = "<group>"; };
		2D1D4C2218095CFF0050B06D /* DVTest.entitlements */ = {isa = PBXFileReference; lastKnownFileType = text.xml; path = DVTest.entitlements; sourceTree = "<group>"; };
		2D36CEAD17F3D814002E3393 /* ThirdVC.h */ = {isa = PBXFileReference; fileEncoding = 4; lastKnownFileType = sourcecode.c.h; path = ThirdVC.h; sourceTree = "<group>"; };
		2D36CEAE17F3D814002E3393 /* ThirdVC.m */ = {isa = PBXFileReference; fileEncoding = 4; lastKnownFileType = sourcecode.c.objc; path = ThirdVC.m; sourceTree = "<group>"; };
		2D36CEB017F3D826002E3393 /* FourthVC.h */ = {isa = PBXFileReference; fileEncoding = 4; lastKnownFileType = sourcecode.c.h; path = FourthVC.h; sourceTree = "<group>"; };
		2D36CEB117F3D827002E3393 /* FourthVC.m */ = {isa = PBXFileReference; fileEncoding = 4; lastKnownFileType = sourcecode.c.objc; path = FourthVC.m; sourceTree = "<group>"; };
		2D50679D17F17BF9000D4BAE /* DVTest.app */ = {isa = PBXFileReference; explicitFileType = wrapper.application; includeInIndex = 0; path = DVTest.app; sourceTree = BUILT_PRODUCTS_DIR; };
		2D5067A017F17BF9000D4BAE /* UIKit.framework */ = {isa = PBXFileReference; lastKnownFileType = wrapper.framework; name = UIKit.framework; path = System/Library/Frameworks/UIKit.framework; sourceTree = SDKROOT; };
		2D5067A217F17BF9000D4BAE /* Foundation.framework */ = {isa = PBXFileReference; lastKnownFileType = wrapper.framework; name = Foundation.framework; path = System/Library/Frameworks/Foundation.framework; sourceTree = SDKROOT; };
		2D5067A417F17BF9000D4BAE /* CoreGraphics.framework */ = {isa = PBXFileReference; lastKnownFileType = wrapper.framework; name = CoreGraphics.framework; path = System/Library/Frameworks/CoreGraphics.framework; sourceTree = SDKROOT; };
		2D5067A817F17BF9000D4BAE /* DVTest-Info.plist */ = {isa = PBXFileReference; lastKnownFileType = text.plist.xml; path = "DVTest-Info.plist"; sourceTree = "<group>"; };
		2D5067AA17F17BF9000D4BAE /* en */ = {isa = PBXFileReference; lastKnownFileType = text.plist.strings; name = en; path = en.lproj/InfoPlist.strings; sourceTree = "<group>"; };
		2D5067AC17F17BF9000D4BAE /* main.m */ = {isa = PBXFileReference; lastKnownFileType = sourcecode.c.objc; path = main.m; sourceTree = "<group>"; };
		2D5067AE17F17BF9000D4BAE /* DVTest-Prefix.pch */ = {isa = PBXFileReference; lastKnownFileType = sourcecode.c.h; path = "DVTest-Prefix.pch"; sourceTree = "<group>"; };
		2D5067AF17F17BF9000D4BAE /* AppDelegate.h */ = {isa = PBXFileReference; lastKnownFileType = sourcecode.c.h; path = AppDelegate.h; sourceTree = "<group>"; };
		2D5067B017F17BF9000D4BAE /* AppDelegate.m */ = {isa = PBXFileReference; lastKnownFileType = sourcecode.c.objc; path = AppDelegate.m; sourceTree = "<group>"; };
		2D5067B217F17BF9000D4BAE /* Default.png */ = {isa = PBXFileReference; lastKnownFileType = image.png; path = Default.png; sourceTree = "<group>"; };
		2D5067B417F17BF9000D4BAE /* Default@2x.png */ = {isa = PBXFileReference; lastKnownFileType = image.png; path = "Default@2x.png"; sourceTree = "<group>"; };
		2D5067B617F17BF9000D4BAE /* Default-568h@2x.png */ = {isa = PBXFileReference; lastKnownFileType = image.png; path = "Default-568h@2x.png"; sourceTree = "<group>"; };
		2D5067B917F17BF9000D4BAE /* en */ = {isa = PBXFileReference; lastKnownFileType = file.storyboard; name = en; path = en.lproj/MainStoryboard.storyboard; sourceTree = "<group>"; };
		2D51140F1804F7C8002E96C4 /* README */ = {isa = PBXFileReference; fileEncoding = 4; lastKnownFileType = text; path = README; sourceTree = "<group>"; };
		2D717CD517F7D4D100F651F4 /* ACTDetailVC.h */ = {isa = PBXFileReference; fileEncoding = 4; lastKnownFileType = sourcecode.c.h; path = ACTDetailVC.h; sourceTree = "<group>"; };
		2D717CD617F7D4D100F651F4 /* ACTDetailVC.m */ = {isa = PBXFileReference; fileEncoding = 4; lastKnownFileType = sourcecode.c.objc; path = ACTDetailVC.m; sourceTree = "<group>"; };
		2DCFBC89180BCE8A00CF3F9B /* DVTools.h */ = {isa = PBXFileReference; fileEncoding = 4; lastKnownFileType = sourcecode.c.h; path = DVTools.h; sourceTree = "<group>"; };
		2DCFBC8A180BCE8A00CF3F9B /* DVTools.m */ = {isa = PBXFileReference; fileEncoding = 4; lastKnownFileType = sourcecode.c.objc; path = DVTools.m; sourceTree = "<group>"; };
		2DCFBC8D180BF0D200CF3F9B /* NSDictionary+safe.h */ = {isa = PBXFileReference; fileEncoding = 4; lastKnownFileType = sourcecode.c.h; path = "NSDictionary+safe.h"; sourceTree = "<group>"; };
		2DCFBC8E180BF0D200CF3F9B /* NSDictionary+safe.m */ = {isa = PBXFileReference; fileEncoding = 4; lastKnownFileType = sourcecode.c.objc; path = "NSDictionary+safe.m"; sourceTree = "<group>"; };
		2DEA72DB1803E85000D25A47 /* DataCenter.h */ = {isa = PBXFileReference; fileEncoding = 4; lastKnownFileType = sourcecode.c.h; path = DataCenter.h; sourceTree = "<group>"; };
		2DEA72DC1803E85000D25A47 /* DataCenter.m */ = {isa = PBXFileReference; fileEncoding = 4; lastKnownFileType = sourcecode.c.objc; path = DataCenter.m; sourceTree = "<group>"; };
		2DEA72E81804254700D25A47 /* NetResponseVC.h */ = {isa = PBXFileReference; fileEncoding = 4; lastKnownFileType = sourcecode.c.h; path = NetResponseVC.h; sourceTree = "<group>"; };
		2DEA72E91804254700D25A47 /* NetResponseVC.m */ = {isa = PBXFileReference; fileEncoding = 4; lastKnownFileType = sourcecode.c.objc; path = NetResponseVC.m; sourceTree = "<group>"; };
		91A3FA80CE734F4C9A3710EA /* libPods.a */ = {isa = PBXFileReference; explicitFileType = archive.ar; includeInIndex = 0; path = libPods.a; sourceTree = BUILT_PRODUCTS_DIR; };
		FE13D4561829CCDD00EEE94E /* DVNetwork.h */ = {isa = PBXFileReference; fileEncoding = 4; lastKnownFileType = sourcecode.c.h; path = DVNetwork.h; sourceTree = "<group>"; };
		FE13D4571829CCDD00EEE94E /* DVNetwork.m */ = {isa = PBXFileReference; fileEncoding = 4; lastKnownFileType = sourcecode.c.objc; path = DVNetwork.m; sourceTree = "<group>"; };
		FE13D45A1829CCE800EEE94E /* TKAlertCenter.h */ = {isa = PBXFileReference; fileEncoding = 4; lastKnownFileType = sourcecode.c.h; path = TKAlertCenter.h; sourceTree = "<group>"; };
		FE13D45B1829CCE800EEE94E /* TKAlertCenter.m */ = {isa = PBXFileReference; fileEncoding = 4; lastKnownFileType = sourcecode.c.objc; path = TKAlertCenter.m; sourceTree = "<group>"; };
/* End PBXFileReference section */

/* Begin PBXFrameworksBuildPhase section */
		2D50679A17F17BF9000D4BAE /* Frameworks */ = {
			isa = PBXFrameworksBuildPhase;
			buildActionMask = 2147483647;
			files = (
				2D5067A117F17BF9000D4BAE /* UIKit.framework in Frameworks */,
				2D5067A317F17BF9000D4BAE /* Foundation.framework in Frameworks */,
				2D5067A517F17BF9000D4BAE /* CoreGraphics.framework in Frameworks */,
				0CDEC50F29FE4BB0B0C025DF /* libPods.a in Frameworks */,
			);
			runOnlyForDeploymentPostprocessing = 0;
		};
/* End PBXFrameworksBuildPhase section */

/* Begin PBXGroup section */
		2D0DE21817F55CF000E3A1CE /* Activity */ = {
			isa = PBXGroup;
			children = (
				2D36CEAD17F3D814002E3393 /* ThirdVC.h */,
				2D36CEAE17F3D814002E3393 /* ThirdVC.m */,
			);
			name = Activity;
			sourceTree = "<group>";
		};
		2D0DE21B17F57D0600E3A1CE /* test */ = {
			isa = PBXGroup;
			children = (
				2DCFBC8C180BF0AD00CF3F9B /* category */,
				2DEA72DA1803E83500D25A47 /* data */,
				2D0DE21917F57AC100E3A1CE /* ACTStoryboard.storyboard */,
				2D0DE21C17F57D2100E3A1CE /* RequestListVC.h */,
				2D0DE21D17F57D2100E3A1CE /* RequestListVC.m */,
				2D0DE21F17F57D2E00E3A1CE /* ParamListVC.h */,
				2D0DE22017F57D2E00E3A1CE /* ParamListVC.m */,
				2D0DE22217F57D3900E3A1CE /* SettingVC.h */,
				2D0DE22317F57D3900E3A1CE /* SettingVC.m */,
				2D717CD517F7D4D100F651F4 /* ACTDetailVC.h */,
				2D717CD617F7D4D100F651F4 /* ACTDetailVC.m */,
				2DEA72E81804254700D25A47 /* NetResponseVC.h */,
				2DEA72E91804254700D25A47 /* NetResponseVC.m */,
			);
			name = test;
			sourceTree = "<group>";
		};
		2D50679417F17BF9000D4BAE = {
			isa = PBXGroup;
			children = (
				2D51140F1804F7C8002E96C4 /* README */,
				FE13D4551829CC7700EEE94E /* ThirdParty */,
				FE13D4511829CC6D00EEE94E /* Core */,
				2D5067A617F17BF9000D4BAE /* DVTest */,
				2D50679F17F17BF9000D4BAE /* Frameworks */,
				2D50679E17F17BF9000D4BAE /* Products */,
				2891F4A6318C4EF29B146A23 /* Pods.xcconfig */,
			);
			sourceTree = "<group>";
		};
		2D50679E17F17BF9000D4BAE /* Products */ = {
			isa = PBXGroup;
			children = (
				2D50679D17F17BF9000D4BAE /* DVTest.app */,
			);
			name = Products;
			sourceTree = "<group>";
		};
		2D50679F17F17BF9000D4BAE /* Frameworks */ = {
			isa = PBXGroup;
			children = (
				2D5067A017F17BF9000D4BAE /* UIKit.framework */,
				2D5067A217F17BF9000D4BAE /* Foundation.framework */,
				2D5067A417F17BF9000D4BAE /* CoreGraphics.framework */,
				91A3FA80CE734F4C9A3710EA /* libPods.a */,
			);
			name = Frameworks;
			sourceTree = "<group>";
		};
		2D5067A617F17BF9000D4BAE /* DVTest */ = {
			isa = PBXGroup;
			children = (
				2D1D4C2218095CFF0050B06D /* DVTest.entitlements */,
				2D0DE21B17F57D0600E3A1CE /* test */,
				2D0DE21817F55CF000E3A1CE /* Activity */,
				2D5067AF17F17BF9000D4BAE /* AppDelegate.h */,
				2D5067B017F17BF9000D4BAE /* AppDelegate.m */,
				2D5067B817F17BF9000D4BAE /* MainStoryboard.storyboard */,
				2D5067A717F17BF9000D4BAE /* Supporting Files */,
				2D36CEB017F3D826002E3393 /* FourthVC.h */,
				2D36CEB117F3D827002E3393 /* FourthVC.m */,
			);
			path = DVTest;
			sourceTree = "<group>";
		};
		2D5067A717F17BF9000D4BAE /* Supporting Files */ = {
			isa = PBXGroup;
			children = (
				2D5067A817F17BF9000D4BAE /* DVTest-Info.plist */,
				2D5067A917F17BF9000D4BAE /* InfoPlist.strings */,
				2D5067AC17F17BF9000D4BAE /* main.m */,
				2D5067AE17F17BF9000D4BAE /* DVTest-Prefix.pch */,
				2D5067B217F17BF9000D4BAE /* Default.png */,
				2D5067B417F17BF9000D4BAE /* Default@2x.png */,
				2D5067B617F17BF9000D4BAE /* Default-568h@2x.png */,
			);
			name = "Supporting Files";
			sourceTree = "<group>";
		};
		2DCFBC8C180BF0AD00CF3F9B /* category */ = {
			isa = PBXGroup;
			children = (
				2DCFBC89180BCE8A00CF3F9B /* DVTools.h */,
				2DCFBC8A180BCE8A00CF3F9B /* DVTools.m */,
				2DCFBC8D180BF0D200CF3F9B /* NSDictionary+safe.h */,
				2DCFBC8E180BF0D200CF3F9B /* NSDictionary+safe.m */,
			);
			name = category;
			sourceTree = "<group>";
		};
		2DEA72DA1803E83500D25A47 /* data */ = {
			isa = PBXGroup;
			children = (
				2DEA72DB1803E85000D25A47 /* DataCenter.h */,
				2DEA72DC1803E85000D25A47 /* DataCenter.m */,
			);
			name = data;
			sourceTree = "<group>";
		};
		FE13D4511829CC6D00EEE94E /* Core */ = {
			isa = PBXGroup;
			children = (
				FE13D4521829CC6D00EEE94E /* Cache */,
				FE13D4531829CC6D00EEE94E /* DVUI */,
				FE13D4541829CC6D00EEE94E /* Network */,
			);
			path = Core;
			sourceTree = "<group>";
		};
		FE13D4521829CC6D00EEE94E /* Cache */ = {
			isa = PBXGroup;
			children = (
			);
			path = Cache;
			sourceTree = "<group>";
		};
		FE13D4531829CC6D00EEE94E /* DVUI */ = {
			isa = PBXGroup;
			children = (
			);
			path = DVUI;
			sourceTree = "<group>";
		};
		FE13D4541829CC6D00EEE94E /* Network */ = {
			isa = PBXGroup;
			children = (
				FE13D4561829CCDD00EEE94E /* DVNetwork.h */,
				FE13D4571829CCDD00EEE94E /* DVNetwork.m */,
			);
			path = Network;
			sourceTree = "<group>";
		};
		FE13D4551829CC7700EEE94E /* ThirdParty */ = {
			isa = PBXGroup;
			children = (
				FE13D4591829CCE800EEE94E /* TKAlert */,
			);
			path = ThirdParty;
			sourceTree = "<group>";
		};
		FE13D4591829CCE800EEE94E /* TKAlert */ = {
			isa = PBXGroup;
			children = (
				FE13D45A1829CCE800EEE94E /* TKAlertCenter.h */,
				FE13D45B1829CCE800EEE94E /* TKAlertCenter.m */,
			);
			path = TKAlert;
			sourceTree = "<group>";
		};
/* End PBXGroup section */

/* Begin PBXNativeTarget section */
		2D50679C17F17BF9000D4BAE /* DVTest */ = {
			isa = PBXNativeTarget;
			buildConfigurationList = 2D5067CB17F17BF9000D4BAE /* Build configuration list for PBXNativeTarget "DVTest" */;
			buildPhases = (
				614DB8AFFFF741B495477CDF /* Check Pods Manifest.lock */,
				2D50679917F17BF9000D4BAE /* Sources */,
				2D50679A17F17BF9000D4BAE /* Frameworks */,
				2D50679B17F17BF9000D4BAE /* Resources */,
				83702B2F132A4C36A4440703 /* Copy Pods Resources */,
			);
			buildRules = (
			);
			dependencies = (
			);
			name = DVTest;
			productName = DVTest;
			productReference = 2D50679D17F17BF9000D4BAE /* DVTest.app */;
			productType = "com.apple.product-type.application";
		};
/* End PBXNativeTarget section */

/* Begin PBXProject section */
		2D50679517F17BF9000D4BAE /* Project object */ = {
			isa = PBXProject;
			attributes = {
				LastUpgradeCheck = 0460;
				ORGANIZATIONNAME = psy;
				TargetAttributes = {
					2D50679C17F17BF9000D4BAE = {
						DevelopmentTeam = T3ZLXP4K5B;
						SystemCapabilities = {
							com.apple.DataProtection = {
								enabled = 0;
							};
							com.apple.iCloud = {
								enabled = 0;
							};
						};
					};
				};
			};
			buildConfigurationList = 2D50679817F17BF9000D4BAE /* Build configuration list for PBXProject "DVTest" */;
			compatibilityVersion = "Xcode 3.2";
			developmentRegion = English;
			hasScannedForEncodings = 0;
			knownRegions = (
				en,
			);
			mainGroup = 2D50679417F17BF9000D4BAE;
			productRefGroup = 2D50679E17F17BF9000D4BAE /* Products */;
			projectDirPath = "";
			projectRoot = "";
			targets = (
				2D50679C17F17BF9000D4BAE /* DVTest */,
			);
		};
/* End PBXProject section */

/* Begin PBXResourcesBuildPhase section */
		2D50679B17F17BF9000D4BAE /* Resources */ = {
			isa = PBXResourcesBuildPhase;
			buildActionMask = 2147483647;
			files = (
				2D5067AB17F17BF9000D4BAE /* InfoPlist.strings in Resources */,
				2D5114101804F7C8002E96C4 /* README in Resources */,
				2D5067B317F17BF9000D4BAE /* Default.png in Resources */,
				2D5067B517F17BF9000D4BAE /* Default@2x.png in Resources */,
				2D5067B717F17BF9000D4BAE /* Default-568h@2x.png in Resources */,
				2D5067BA17F17BF9000D4BAE /* MainStoryboard.storyboard in Resources */,
				2D0DE21A17F57AC100E3A1CE /* ACTStoryboard.storyboard in Resources */,
			);
			runOnlyForDeploymentPostprocessing = 0;
		};
/* End PBXResourcesBuildPhase section */

/* Begin PBXShellScriptBuildPhase section */
		614DB8AFFFF741B495477CDF /* Check Pods Manifest.lock */ = {
			isa = PBXShellScriptBuildPhase;
			buildActionMask = 2147483647;
			files = (
			);
			inputPaths = (
			);
			name = "Check Pods Manifest.lock";
			outputPaths = (
			);
			runOnlyForDeploymentPostprocessing = 0;
			shellPath = /bin/sh;
			shellScript = "diff \"${PODS_ROOT}/../Podfile.lock\" \"${PODS_ROOT}/Manifest.lock\" > /dev/null\nif [[ $? != 0 ]] ; then\n    cat << EOM\nerror: The sandbox is not in sync with the Podfile.lock. Run 'pod install' or update your CocoaPods installation.\nEOM\n    exit 1\nfi\n";
			showEnvVarsInLog = 0;
		};
		83702B2F132A4C36A4440703 /* Copy Pods Resources */ = {
			isa = PBXShellScriptBuildPhase;
			buildActionMask = 2147483647;
			files = (
			);
			inputPaths = (
			);
			name = "Copy Pods Resources";
			outputPaths = (
			);
			runOnlyForDeploymentPostprocessing = 0;
			shellPath = /bin/sh;
			shellScript = "\"${SRCROOT}/Pods/Pods-resources.sh\"\n";
			showEnvVarsInLog = 0;
		};
/* End PBXShellScriptBuildPhase section */

/* Begin PBXSourcesBuildPhase section */
		2D50679917F17BF9000D4BAE /* Sources */ = {
			isa = PBXSourcesBuildPhase;
			buildActionMask = 2147483647;
			files = (
				2D717CD717F7D4D100F651F4 /* ACTDetailVC.m in Sources */,
				2DCFBC8B180BCE8A00CF3F9B /* DVTools.m in Sources */,
				2D5067AD17F17BF9000D4BAE /* main.m in Sources */,
				2D5067B117F17BF9000D4BAE /* AppDelegate.m in Sources */,
				2D0DE21E17F57D2100E3A1CE /* RequestListVC.m in Sources */,
				FE13D45C1829CCE800EEE94E /* TKAlertCenter.m in Sources */,
				2D0DE22417F57D3900E3A1CE /* SettingVC.m in Sources */,
				2D36CEAF17F3D814002E3393 /* ThirdVC.m in Sources */,
				FE13D4581829CCDD00EEE94E /* DVNetwork.m in Sources */,
				2D36CEB217F3D827002E3393 /* FourthVC.m in Sources */,
				2DEA72DD1803E85000D25A47 /* DataCenter.m in Sources */,
				2D0DE22117F57D2E00E3A1CE /* ParamListVC.m in Sources */,
				2DCFBC8F180BF0D200CF3F9B /* NSDictionary+safe.m in Sources */,
				2DEA72EA1804254700D25A47 /* NetResponseVC.m in Sources */,
			);
			runOnlyForDeploymentPostprocessing = 0;
		};
/* End PBXSourcesBuildPhase section */

/* Begin PBXVariantGroup section */
		2D5067A917F17BF9000D4BAE /* InfoPlist.strings */ = {
			isa = PBXVariantGroup;
			children = (
				2D5067AA17F17BF9000D4BAE /* en */,
			);
			name = InfoPlist.strings;
			sourceTree = "<group>";
		};
		2D5067B817F17BF9000D4BAE /* MainStoryboard.storyboard */ = {
			isa = PBXVariantGroup;
			children = (
				2D5067B917F17BF9000D4BAE /* en */,
			);
			name = MainStoryboard.storyboard;
			sourceTree = "<group>";
		};
/* End PBXVariantGroup section */

/* Begin XCBuildConfiguration section */
		2D5067C917F17BF9000D4BAE /* Debug */ = {
			isa = XCBuildConfiguration;
			buildSettings = {
				ALWAYS_SEARCH_USER_PATHS = NO;
				CLANG_CXX_LANGUAGE_STANDARD = "gnu++0x";
				CLANG_CXX_LIBRARY = "libc++";
				CLANG_ENABLE_OBJC_ARC = YES;
				CLANG_WARN_CONSTANT_CONVERSION = YES;
				CLANG_WARN_EMPTY_BODY = YES;
				CLANG_WARN_ENUM_CONVERSION = YES;
				CLANG_WARN_INT_CONVERSION = YES;
				CLANG_WARN__DUPLICATE_METHOD_MATCH = YES;
				"CODE_SIGN_IDENTITY[sdk=iphoneos*]" = "iPhone Developer";
				COPY_PHASE_STRIP = NO;
				GCC_C_LANGUAGE_STANDARD = gnu99;
				GCC_DYNAMIC_NO_PIC = NO;
				GCC_OPTIMIZATION_LEVEL = 0;
				GCC_PREPROCESSOR_DEFINITIONS = (
					"DEBUG=1",
					"$(inherited)",
				);
				GCC_SYMBOLS_PRIVATE_EXTERN = NO;
				GCC_WARN_ABOUT_RETURN_TYPE = YES;
				GCC_WARN_UNINITIALIZED_AUTOS = YES;
				GCC_WARN_UNUSED_VARIABLE = YES;
				IPHONEOS_DEPLOYMENT_TARGET = 6.1;
				ONLY_ACTIVE_ARCH = YES;
				SDKROOT = iphoneos;
			};
			name = Debug;
		};
		2D5067CA17F17BF9000D4BAE /* Release */ = {
			isa = XCBuildConfiguration;
			buildSettings = {
				ALWAYS_SEARCH_USER_PATHS = NO;
				CLANG_CXX_LANGUAGE_STANDARD = "gnu++0x";
				CLANG_CXX_LIBRARY = "libc++";
				CLANG_ENABLE_OBJC_ARC = YES;
				CLANG_WARN_CONSTANT_CONVERSION = YES;
				CLANG_WARN_EMPTY_BODY = YES;
				CLANG_WARN_ENUM_CONVERSION = YES;
				CLANG_WARN_INT_CONVERSION = YES;
				CLANG_WARN__DUPLICATE_METHOD_MATCH = YES;
				"CODE_SIGN_IDENTITY[sdk=iphoneos*]" = "iPhone Developer";
				COPY_PHASE_STRIP = YES;
				GCC_C_LANGUAGE_STANDARD = gnu99;
				GCC_WARN_ABOUT_RETURN_TYPE = YES;
				GCC_WARN_UNINITIALIZED_AUTOS = YES;
				GCC_WARN_UNUSED_VARIABLE = YES;
				IPHONEOS_DEPLOYMENT_TARGET = 6.1;
				OTHER_CFLAGS = "-DNS_BLOCK_ASSERTIONS=1";
				SDKROOT = iphoneos;
				VALIDATE_PRODUCT = YES;
			};
			name = Release;
		};
		2D5067CC17F17BF9000D4BAE /* Debug */ = {
			isa = XCBuildConfiguration;
			baseConfigurationReference = 2891F4A6318C4EF29B146A23 /* Pods.xcconfig */;
			buildSettings = {
				CODE_SIGN_IDENTITY = "iPhone Developer";
				"CODE_SIGN_IDENTITY[sdk=iphoneos*]" = "iPhone Developer";
				GCC_PRECOMPILE_PREFIX_HEADER = YES;
				GCC_PREFIX_HEADER = "DVTest/DVTest-Prefix.pch";
				INFOPLIST_FILE = "DVTest/DVTest-Info.plist";
				PRODUCT_NAME = "$(TARGET_NAME)";
				PROVISIONING_PROFILE = "";
				WRAPPER_EXTENSION = app;
			};
			name = Debug;
		};
		2D5067CD17F17BF9000D4BAE /* Release */ = {
			isa = XCBuildConfiguration;
			baseConfigurationReference = 2891F4A6318C4EF29B146A23 /* Pods.xcconfig */;
			buildSettings = {
				CODE_SIGN_IDENTITY = "iPhone Developer";
				"CODE_SIGN_IDENTITY[sdk=iphoneos*]" = "iPhone Developer";
				GCC_PRECOMPILE_PREFIX_HEADER = YES;
				GCC_PREFIX_HEADER = "DVTest/DVTest-Prefix.pch";
				INFOPLIST_FILE = "DVTest/DVTest-Info.plist";
				PRODUCT_NAME = "$(TARGET_NAME)";
				PROVISIONING_PROFILE = "";
				WRAPPER_EXTENSION = app;
			};
			name = Release;
		};
/* End XCBuildConfiguration section */

/* Begin XCConfigurationList section */
		2D50679817F17BF9000D4BAE /* Build configuration list for PBXProject "DVTest" */ = {
			isa = XCConfigurationList;
			buildConfigurations = (
				2D5067C917F17BF9000D4BAE /* Debug */,
				2D5067CA17F17BF9000D4BAE /* Release */,
			);
			defaultConfigurationIsVisible = 0;
			defaultConfigurationName = Release;
		};
		2D5067CB17F17BF9000D4BAE /* Build configuration list for PBXNativeTarget "DVTest" */ = {
			isa = XCConfigurationList;
			buildConfigurations = (
				2D5067CC17F17BF9000D4BAE /* Debug */,
				2D5067CD17F17BF9000D4BAE /* Release */,
			);
			defaultConfigurationIsVisible = 0;
			defaultConfigurationName = Release;
		};
/* End XCConfigurationList section */
	};
	rootObject = 2D50679517F17BF9000D4BAE /* Project object */;
}
